PODS:
  - Alamofire (5.6.1)
  - SocialSignIn (0.1.4):
    - Alamofire

DEPENDENCIES:
  - Alamofire
  - SocialSignIn (from `../`)

SPEC REPOS:
  trunk:
    - Alamofire

EXTERNAL SOURCES:
  SocialSignIn:
    :path: "../"

SPEC CHECKSUMS:
  Alamofire: 87bd8c952f9a4454320fce00d9cc3de57bcadaf5
  SocialSignIn: 23a81bbe7331d9f7f4284217b653512fe4a5b0a3

PODFILE CHECKSUM: 7dca400afd1aced7b0b40085fb472f42522559e0

COCOAPODS: 1.11.3
